
Microsoft Visual Studio Solution File, Format Version 12.00
# Visual Studio Version 17
VisualStudioVersion = 17.14.37203.1
MinimumVisualStudioVersion = 10.0.40219.1
Project("{2150E333-8FDC-42A3-9474-1A3956D46DE8}") = "src", "src", "{02EA681E-C7D8-13C7-8484-4AC65E1B71E8}"
EndProject
Project("{2150E333-8FDC-42A3-9474-1A3956D46DE8}") = "MigrationService", "MigrationService", "{D1A9F156-6758-4583-8407-A203058BF69B}"
EndProject
Project("{FAE04EC0-301F-11D3-BF4B-00C04F79EFBC}") = "TrueCode.MigrationService", "TrueCode.MigrationService\TrueCode.MigrationService.csproj", "{A1EF306A-0DA5-4912-8D97-722E77FF84CA}"
EndProject
Project("{2150E333-8FDC-42A3-9474-1A3956D46DE8}") = "Shared", "Shared", "{D62B6BE0-409A-4B84-BE64-3453EBD8A4C6}"
EndProject
Project("{2150E333-8FDC-42A3-9474-1A3956D46DE8}") = "CurrencyUpdater", "CurrencyUpdater", "{1C6CEAAD-0724-449C-A6E1-86EDE509E5DB}"
EndProject
Project("{FAE04EC0-301F-11D3-BF4B-00C04F79EFBC}") = "TrueCode.CurrencyUpdater", "TrueCode.CurrencyUpdater\TrueCode.CurrencyUpdater.csproj", "{23D543F8-AFE3-4D64-91CA-D94781141D6A}"
EndProject
Project("{FAE04EC0-301F-11D3-BF4B-00C04F79EFBC}") = "TrueCode.Shared", "TrueCode.Shared\TrueCode.Shared.csproj", "{C620A24F-F459-431D-B610-FF65E1583730}"
EndProject
Project("{2150E333-8FDC-42A3-9474-1A3956D46DE8}") = "FinanceService", "FinanceService", "{20D48754-6EC0-481A-B5F6-50911C29E6C4}"
EndProject
Project("{FAE04EC0-301F-11D3-BF4B-00C04F79EFBC}") = "TrueCode.FinanceService.API", "TrueCode.FinanceService.API\TrueCode.FinanceService.API.csproj", "{387A87A6-9642-4EEF-9F94-59420AAF4D64}"
EndProject
Project("{FAE04EC0-301F-11D3-BF4B-00C04F79EFBC}") = "TrueCode.FinanceService.Domain", "TrueCode.FinanceService.Domain\TrueCode.FinanceService.Domain.csproj", "{A92355FB-4A70-4A14-9404-EDA968398E8F}"
EndProject
Project("{FAE04EC0-301F-11D3-BF4B-00C04F79EFBC}") = "TrueCode.FinanceService.Application", "TrueCode.FinanceService.Application\TrueCode.FinanceService.Application.csproj", "{CF9A52B4-1259-4579-A4B0-B843DCE4AE6F}"
EndProject
Project("{FAE04EC0-301F-11D3-BF4B-00C04F79EFBC}") = "TrueCode.FinanceService.Infrastructure", "TrueCode.FinanceService.Infrastructure\TrueCode.FinanceService.Infrastructure.csproj", "{65B4D3E0-F608-47D5-8EEA-5B3EE4DDD406}"
EndProject
Project("{FAE04EC0-301F-11D3-BF4B-00C04F79EFBC}") = "TrueCode.FinanceService.Tests", "TrueCode.FinanceService.Tests\TrueCode.FinanceService.Tests.csproj", "{B0CB79AF-87A0-4AB9-8040-3DDE2E97158A}"
EndProject
Project("{2150E333-8FDC-42A3-9474-1A3956D46DE8}") = "UserService", "UserService", "{BFC4289E-5EB1-4369-AA00-79181FEABC32}"
EndProject
Project("{FAE04EC0-301F-11D3-BF4B-00C04F79EFBC}") = "TrueCode.UserService.API", "TrueCode.UserService.API\TrueCode.UserService.API.csproj", "{F6307F56-2A85-486B-A1EE-D3903E1E605A}"
EndProject
Project("{FAE04EC0-301F-11D3-BF4B-00C04F79EFBC}") = "TrueCode.UserService.Domain", "TrueCode.UserService.Domain\TrueCode.UserService.Domain.csproj", "{32D41A44-8C2A-4860-9870-CFEDDF0602EE}"
EndProject
Project("{FAE04EC0-301F-11D3-BF4B-00C04F79EFBC}") = "TrueCode.UserService.Application", "TrueCode.UserService.Application\TrueCode.UserService.Application.csproj", "{18BAF5FC-0CCB-4FBD-9930-D31EB0612DA7}"
EndProject
Project("{FAE04EC0-301F-11D3-BF4B-00C04F79EFBC}") = "TrueCode.UserService.Infrastructure", "TrueCode.UserService.Infrastructure\TrueCode.UserService.Infrastructure.csproj", "{BB6918C2-31D7-48C8-8538-74F286CE0F88}"
EndProject
Project("{FAE04EC0-301F-11D3-BF4B-00C04F79EFBC}") = "TrueCode.UserService.Tests", "TrueCode.UserService.Tests\TrueCode.UserService.Tests.csproj", "{F0B4B234-9AE8-4E0B-B436-5CABCEA6F190}"
EndProject
Project("{2150E333-8FDC-42A3-9474-1A3956D46DE8}") = "ApiGateway", "ApiGateway", "{4DDA16EB-C4F0-4FDA-81DE-D181546758FC}"
EndProject
Project("{FAE04EC0-301F-11D3-BF4B-00C04F79EFBC}") = "TrueCode.ApiGateway", "TrueCode.ApiGateway\TrueCode.ApiGateway.csproj", "{0773E53D-AD58-4EE7-8821-3FD43C9E1997}"
EndProject
Global
	GlobalSection(SolutionConfigurationPlatforms) = preSolution
		Debug|Any CPU = Debug|Any CPU
		Release|Any CPU = Release|Any CPU
	EndGlobalSection
	GlobalSection(ProjectConfigurationPlatforms) = postSolution
		{A1EF306A-0DA5-4912-8D97-722E77FF84CA}.Debug|Any CPU.ActiveCfg = Debug|Any CPU
		{A1EF306A-0DA5-4912-8D97-722E77FF84CA}.Debug|Any CPU.Build.0 = Debug|Any CPU
		{A1EF306A-0DA5-4912-8D97-722E77FF84CA}.Release|Any CPU.ActiveCfg = Release|Any CPU
		{A1EF306A-0DA5-4912-8D97-722E77FF84CA}.Release|Any CPU.Build.0 = Release|Any CPU
		{23D543F8-AFE3-4D64-91CA-D94781141D6A}.Debug|Any CPU.ActiveCfg = Debug|Any CPU
		{23D543F8-AFE3-4D64-91CA-D94781141D6A}.Debug|Any CPU.Build.0 = Debug|Any CPU
		{23D543F8-AFE3-4D64-91CA-D94781141D6A}.Release|Any CPU.ActiveCfg = Release|Any CPU
		{23D543F8-AFE3-4D64-91CA-D94781141D6A}.Release|Any CPU.Build.0 = Release|Any CPU
		{C620A24F-F459-431D-B610-FF65E1583730}.Debug|Any CPU.ActiveCfg = Debug|Any CPU
		{C620A24F-F459-431D-B610-FF65E1583730}.Debug|Any CPU.Build.0 = Debug|Any CPU
		{C620A24F-F459-431D-B610-FF65E1583730}.Release|Any CPU.ActiveCfg = Release|Any CPU
		{C620A24F-F459-431D-B610-FF65E1583730}.Release|Any CPU.Build.0 = Release|Any CPU
		{387A87A6-9642-4EEF-9F94-59420AAF4D64}.Debug|Any CPU.ActiveCfg = Debug|Any CPU
		{387A87A6-9642-4EEF-9F94-59420AAF4D64}.Debug|Any CPU.Build.0 = Debug|Any CPU
		{387A87A6-9642-4EEF-9F94-59420AAF4D64}.Release|Any CPU.ActiveCfg = Release|Any CPU
		{387A87A6-9642-4EEF-9F94-59420AAF4D64}.Release|Any CPU.Build.0 = Release|Any CPU
		{A92355FB-4A70-4A14-9404-EDA968398E8F}.Debug|Any CPU.ActiveCfg = Debug|Any CPU
		{A92355FB-4A70-4A14-9404-EDA968398E8F}.Debug|Any CPU.Build.0 = Debug|Any CPU
		{A92355FB-4A70-4A14-9404-EDA968398E8F}.Release|Any CPU.ActiveCfg = Release|Any CPU
		{A92355FB-4A70-4A14-9404-EDA968398E8F}.Release|Any CPU.Build.0 = Release|Any CPU
		{CF9A52B4-1259-4579-A4B0-B843DCE4AE6F}.Debug|Any CPU.ActiveCfg = Debug|Any CPU
		{CF9A52B4-1259-4579-A4B0-B843DCE4AE6F}.Debug|Any CPU.Build.0 = Debug|Any CPU
		{CF9A52B4-1259-4579-A4B0-B843DCE4AE6F}.Release|Any CPU.ActiveCfg = Release|Any CPU
		{CF9A52B4-1259-4579-A4B0-B843DCE4AE6F}.Release|Any CPU.Build.0 = Release|Any CPU
		{65B4D3E0-F608-47D5-8EEA-5B3EE4DDD406}.Debug|Any CPU.ActiveCfg = Debug|Any CPU
		{65B4D3E0-F608-47D5-8EEA-5B3EE4DDD406}.Debug|Any CPU.Build.0 = Debug|Any CPU
		{65B4D3E0-F608-47D5-8EEA-5B3EE4DDD406}.Release|Any CPU.ActiveCfg = Release|Any CPU
		{65B4D3E0-F608-47D5-8EEA-5B3EE4DDD406}.Release|Any CPU.Build.0 = Release|Any CPU
		{B0CB79AF-87A0-4AB9-8040-3DDE2E97158A}.Debug|Any CPU.ActiveCfg = Debug|Any CPU
		{B0CB79AF-87A0-4AB9-8040-3DDE2E97158A}.Debug|Any CPU.Build.0 = Debug|Any CPU
		{B0CB79AF-87A0-4AB9-8040-3DDE2E97158A}.Release|Any CPU.ActiveCfg = Release|Any CPU
		{B0CB79AF-87A0-4AB9-8040-3DDE2E97158A}.Release|Any CPU.Build.0 = Release|Any CPU
		{F6307F56-2A85-486B-A1EE-D3903E1E605A}.Debug|Any CPU.ActiveCfg = Debug|Any CPU
		{F6307F56-2A85-486B-A1EE-D3903E1E605A}.Debug|Any CPU.Build.0 = Debug|Any CPU
		{F6307F56-2A85-486B-A1EE-D3903E1E605A}.Release|Any CPU.ActiveCfg = Release|Any CPU
		{F6307F56-2A85-486B-A1EE-D3903E1E605A}.Release|Any CPU.Build.0 = Release|Any CPU
		{32D41A44-8C2A-4860-9870-CFEDDF0602EE}.Debug|Any CPU.ActiveCfg = Debug|Any CPU
		{32D41A44-8C2A-4860-9870-CFEDDF0602EE}.Debug|Any CPU.Build.0 = Debug|Any CPU
		{32D41A44-8C2A-4860-9870-CFEDDF0602EE}.Release|Any CPU.ActiveCfg = Release|Any CPU
		{32D41A44-8C2A-4860-9870-CFEDDF0602EE}.Release|Any CPU.Build.0 = Release|Any CPU
		{18BAF5FC-0CCB-4FBD-9930-D31EB0612DA7}.Debug|Any CPU.ActiveCfg = Debug|Any CPU
		{18BAF5FC-0CCB-4FBD-9930-D31EB0612DA7}.Debug|Any CPU.Build.0 = Debug|Any CPU
		{18BAF5FC-0CCB-4FBD-9930-D31EB0612DA7}.Release|Any CPU.ActiveCfg = Release|Any CPU
		{18BAF5FC-0CCB-4FBD-9930-D31EB0612DA7}.Release|Any CPU.Build.0 = Release|Any CPU
		{BB6918C2-31D7-48C8-8538-74F286CE0F88}.Debug|Any CPU.ActiveCfg = Debug|Any CPU
		{BB6918C2-31D7-48C8-8538-74F286CE0F88}.Debug|Any CPU.Build.0 = Debug|Any CPU
		{BB6918C2-31D7-48C8-8538-74F286CE0F88}.Release|Any CPU.ActiveCfg = Release|Any CPU
		{BB6918C2-31D7-48C8-8538-74F286CE0F88}.Release|Any CPU.Build.0 = Release|Any CPU
		{F0B4B234-9AE8-4E0B-B436-5CABCEA6F190}.Debug|Any CPU.ActiveCfg = Debug|Any CPU
		{F0B4B234-9AE8-4E0B-B436-5CABCEA6F190}.Debug|Any CPU.Build.0 = Debug|Any CPU
		{F0B4B234-9AE8-4E0B-B436-5CABCEA6F190}.Release|Any CPU.ActiveCfg = Release|Any CPU
		{F0B4B234-9AE8-4E0B-B436-5CABCEA6F190}.Release|Any CPU.Build.0 = Release|Any CPU
		{0773E53D-AD58-4EE7-8821-3FD43C9E1997}.Debug|Any CPU.ActiveCfg = Debug|Any CPU
		{0773E53D-AD58-4EE7-8821-3FD43C9E1997}.Debug|Any CPU.Build.0 = Debug|Any CPU
		{0773E53D-AD58-4EE7-8821-3FD43C9E1997}.Release|Any CPU.ActiveCfg = Release|Any CPU
		{0773E53D-AD58-4EE7-8821-3FD43C9E1997}.Release|Any CPU.Build.0 = Release|Any CPU
	EndGlobalSection
	GlobalSection(SolutionProperties) = preSolution
		HideSolutionNode = FALSE
	EndGlobalSection
	GlobalSection(NestedProjects) = preSolution
		{D1A9F156-6758-4583-8407-A203058BF69B} = {02EA681E-C7D8-13C7-8484-4AC65E1B71E8}
		{A1EF306A-0DA5-4912-8D97-722E77FF84CA} = {D1A9F156-6758-4583-8407-A203058BF69B}
		{D62B6BE0-409A-4B84-BE64-3453EBD8A4C6} = {02EA681E-C7D8-13C7-8484-4AC65E1B71E8}
		{1C6CEAAD-0724-449C-A6E1-86EDE509E5DB} = {02EA681E-C7D8-13C7-8484-4AC65E1B71E8}
		{23D543F8-AFE3-4D64-91CA-D94781141D6A} = {1C6CEAAD-0724-449C-A6E1-86EDE509E5DB}
		{C620A24F-F459-431D-B610-FF65E1583730} = {D62B6BE0-409A-4B84-BE64-3453EBD8A4C6}
		{20D48754-6EC0-481A-B5F6-50911C29E6C4} = {02EA681E-C7D8-13C7-8484-4AC65E1B71E8}
		{387A87A6-9642-4EEF-9F94-59420AAF4D64} = {20D48754-6EC0-481A-B5F6-50911C29E6C4}
		{A92355FB-4A70-4A14-9404-EDA968398E8F} = {20D48754-6EC0-481A-B5F6-50911C29E6C4}
		{CF9A52B4-1259-4579-A4B0-B843DCE4AE6F} = {20D48754-6EC0-481A-B5F6-50911C29E6C4}
		{65B4D3E0-F608-47D5-8EEA-5B3EE4DDD406} = {20D48754-6EC0-481A-B5F6-50911C29E6C4}
		{B0CB79AF-87A0-4AB9-8040-3DDE2E97158A} = {20D48754-6EC0-481A-B5F6-50911C29E6C4}
		{BFC4289E-5EB1-4369-AA00-79181FEABC32} = {02EA681E-C7D8-13C7-8484-4AC65E1B71E8}
		{F6307F56-2A85-486B-A1EE-D3903E1E605A} = {BFC4289E-5EB1-4369-AA00-79181FEABC32}
		{32D41A44-8C2A-4860-9870-CFEDDF0602EE} = {BFC4289E-5EB1-4369-AA00-79181FEABC32}
		{18BAF5FC-0CCB-4FBD-9930-D31EB0612DA7} = {BFC4289E-5EB1-4369-AA00-79181FEABC32}
		{BB6918C2-31D7-48C8-8538-74F286CE0F88} = {BFC4289E-5EB1-4369-AA00-79181FEABC32}
		{F0B4B234-9AE8-4E0B-B436-5CABCEA6F190} = {BFC4289E-5EB1-4369-AA00-79181FEABC32}
		{4DDA16EB-C4F0-4FDA-81DE-D181546758FC} = {02EA681E-C7D8-13C7-8484-4AC65E1B71E8}
		{0773E53D-AD58-4EE7-8821-3FD43C9E1997} = {4DDA16EB-C4F0-4FDA-81DE-D181546758FC}
	EndGlobalSection
	GlobalSection(ExtensibilityGlobals) = postSolution
		SolutionGuid = {876F43D9-5340-413A-8027-D4EA9EC0A092}
	EndGlobalSection
EndGlobal
